// !$*UTF8*$!
{
	archiveVersion = 1;
	classes = {
	};
	objectVersion = 56;
	objects = {

/* Begin PBXBuildFile section */
		DD049C0C2A2138CD00F2A8D3 /* AppDelegate.swift in Sources */ = {isa = PBXBuildFile; fileRef = DD049C0B2A2138CD00F2A8D3 /* AppDelegate.swift */; };
		DD049C0E2A2138CD00F2A8D3 /* SceneDelegate.swift in Sources */ = {isa = PBXBuildFile; fileRef = DD049C0D2A2138CD00F2A8D3 /* SceneDelegate.swift */; };
		DD049C102A2138CD00F2A8D3 /* ImagesListViewController.swift in Sources */ = {isa = PBXBuildFile; fileRef = DD049C0F2A2138CD00F2A8D3 /* ImagesListViewController.swift */; };
		DD049C152A2138CE00F2A8D3 /* Assets.xcassets in Resources */ = {isa = PBXBuildFile; fileRef = DD049C142A2138CE00F2A8D3 /* Assets.xcassets */; };
		DD049C182A2138CE00F2A8D3 /* LaunchScreen.storyboard in Resources */ = {isa = PBXBuildFile; fileRef = DD049C162A2138CE00F2A8D3 /* LaunchScreen.storyboard */; };
		DD049C212A213DD800F2A8D3 /* UIColor+Extensions.swift in Sources */ = {isa = PBXBuildFile; fileRef = DD049C202A213DD800F2A8D3 /* UIColor+Extensions.swift */; };
		DD049C242A2147F800F2A8D3 /* ImagesListCell.swift in Sources */ = {isa = PBXBuildFile; fileRef = DD049C232A2147F800F2A8D3 /* ImagesListCell.swift */; };
		DD0FE2252A69C47200D59F27 /* ImagesListService.swift in Sources */ = {isa = PBXBuildFile; fileRef = DD0FE2242A69C47200D59F27 /* ImagesListService.swift */; };
		DD0FE2272A6A5A9600D59F27 /* Optional+Extensions.swift in Sources */ = {isa = PBXBuildFile; fileRef = DD0FE2262A6A5A9600D59F27 /* Optional+Extensions.swift */; };
		DD146C592A7E71BE00069136 /* ProfileViewPresenter.swift in Sources */ = {isa = PBXBuildFile; fileRef = DD146C582A7E71BE00069136 /* ProfileViewPresenter.swift */; };
		DD146C5B2A7E798B00069136 /* ProfileViewModel.swift in Sources */ = {isa = PBXBuildFile; fileRef = DD146C5A2A7E798B00069136 /* ProfileViewModel.swift */; };
		DD146C5D2A7FDEAF00069136 /* ProfileViewTests.swift in Sources */ = {isa = PBXBuildFile; fileRef = DD146C5C2A7FDEAF00069136 /* ProfileViewTests.swift */; };
		DD2525D42A8001F7004FE031 /* ImagesListPresenter.swift in Sources */ = {isa = PBXBuildFile; fileRef = DD2525D32A8001F7004FE031 /* ImagesListPresenter.swift */; };
		DD2525D62A817325004FE031 /* ImagesListTests.swift in Sources */ = {isa = PBXBuildFile; fileRef = DD2525D52A817325004FE031 /* ImagesListTests.swift */; };
		DD59E4C92A324375005C650F /* ProfileViewController.swift in Sources */ = {isa = PBXBuildFile; fileRef = DD59E4C82A324375005C650F /* ProfileViewController.swift */; };
		DD6AAC902A587D3B0084D92F /* ProgressHUD in Frameworks */ = {isa = PBXBuildFile; productRef = DD6AAC8F2A587D3B0084D92F /* ProgressHUD */; };
		DD6AAC922A59797D0084D92F /* UIBlockingProgressHUD.swift in Sources */ = {isa = PBXBuildFile; fileRef = DD6AAC912A59797D0084D92F /* UIBlockingProgressHUD.swift */; };
		DD6AAC982A5985D70084D92F /* ProfileService.swift in Sources */ = {isa = PBXBuildFile; fileRef = DD6AAC972A5985D70084D92F /* ProfileService.swift */; };
		DD6AAC9A2A598FD80084D92F /* URLRequest+Extensions.swift in Sources */ = {isa = PBXBuildFile; fileRef = DD6AAC992A598FD80084D92F /* URLRequest+Extensions.swift */; };
		DD6AAC9C2A59E9200084D92F /* ProfileImageService.swift in Sources */ = {isa = PBXBuildFile; fileRef = DD6AAC9B2A59E9200084D92F /* ProfileImageService.swift */; };
		DD6AACA42A5BF9130084D92F /* Errors.swift in Sources */ = {isa = PBXBuildFile; fileRef = DD6AACA32A5BF9130084D92F /* Errors.swift */; };
		DD6AACA62A5C77B30084D92F /* URLSession+Extensions.swift in Sources */ = {isa = PBXBuildFile; fileRef = DD6AACA52A5C77B30084D92F /* URLSession+Extensions.swift */; };
		DD6AACA92A5D42980084D92F /* Kingfisher in Frameworks */ = {isa = PBXBuildFile; productRef = DD6AACA82A5D42980084D92F /* Kingfisher */; };
		DD6AACAC2A5D9B770084D92F /* SwiftKeychainWrapper in Frameworks */ = {isa = PBXBuildFile; productRef = DD6AACAB2A5D9B770084D92F /* SwiftKeychainWrapper */; };
		DD6AACB02A5DA2C20084D92F /* TabBarController.swift in Sources */ = {isa = PBXBuildFile; fileRef = DD6AACAF2A5DA2C20084D92F /* TabBarController.swift */; };
		DD8107352A470C5700FD870C /* OAuth2Service.swift in Sources */ = {isa = PBXBuildFile; fileRef = DD8107342A470C5700FD870C /* OAuth2Service.swift */; };
		DD8107372A471BF400FD870C /* OAuth2TokenStorage.swift in Sources */ = {isa = PBXBuildFile; fileRef = DD8107362A471BF400FD870C /* OAuth2TokenStorage.swift */; };
		DD81073A2A4820E200FD870C /* SplashViewController.swift in Sources */ = {isa = PBXBuildFile; fileRef = DD8107392A4820E200FD870C /* SplashViewController.swift */; };
		DD8F10EB2A82B816002D4846 /* OptionalTests.swift in Sources */ = {isa = PBXBuildFile; fileRef = DD8F10EA2A82B816002D4846 /* OptionalTests.swift */; };
		DD8F10ED2A82B9EE002D4846 /* URLRequestTests.swift in Sources */ = {isa = PBXBuildFile; fileRef = DD8F10EC2A82B9EE002D4846 /* URLRequestTests.swift */; };
		DDA239A92A44AC28005A69E5 /* AuthConfiguration.swift in Sources */ = {isa = PBXBuildFile; fileRef = DDA239A82A44AC28005A69E5 /* AuthConfiguration.swift */; };
		DDA239AC2A44B2F4005A69E5 /* AuthViewController.swift in Sources */ = {isa = PBXBuildFile; fileRef = DDA239AB2A44B2F3005A69E5 /* AuthViewController.swift */; };
		DDA239AE2A44D4E2005A69E5 /* WebViewViewController.swift in Sources */ = {isa = PBXBuildFile; fileRef = DDA239AD2A44D4E2005A69E5 /* WebViewViewController.swift */; };
		DDAEF74D2A8414910097B83E /* ImageFeedUITests.swift in Sources */ = {isa = PBXBuildFile; fileRef = DDAEF74C2A8414910097B83E /* ImageFeedUITests.swift */; };
		DDB7123F2A6D8162004120F6 /* OAuthTokenResponseBody.swift in Sources */ = {isa = PBXBuildFile; fileRef = DDB7123E2A6D8162004120F6 /* OAuthTokenResponseBody.swift */; };
		DDB712412A6D81B3004120F6 /* PhotoResult.swift in Sources */ = {isa = PBXBuildFile; fileRef = DDB712402A6D81B3004120F6 /* PhotoResult.swift */; };
		DDB712432A6D81F2004120F6 /* Photo.swift in Sources */ = {isa = PBXBuildFile; fileRef = DDB712422A6D81F2004120F6 /* Photo.swift */; };
		DDB712462A6D8293004120F6 /* ProfileResult.swift in Sources */ = {isa = PBXBuildFile; fileRef = DDB712452A6D8293004120F6 /* ProfileResult.swift */; };
		DDB712482A6D82CA004120F6 /* ProfileImageResult.swift in Sources */ = {isa = PBXBuildFile; fileRef = DDB712472A6D82CA004120F6 /* ProfileImageResult.swift */; };
		DDB7124A2A6D857F004120F6 /* ImagesListCellModel.swift in Sources */ = {isa = PBXBuildFile; fileRef = DDB712492A6D857F004120F6 /* ImagesListCellModel.swift */; };
		DDBA19452A7D7A2E00E1C508 /* WebViewPresenter.swift in Sources */ = {isa = PBXBuildFile; fileRef = DDBA19442A7D7A2E00E1C508 /* WebViewPresenter.swift */; };
		DDBA19472A7E493B00E1C508 /* AuthHelper.swift in Sources */ = {isa = PBXBuildFile; fileRef = DDBA19462A7E493B00E1C508 /* AuthHelper.swift */; };
		DDBA194F2A7E534800E1C508 /* WebViewTests.swift in Sources */ = {isa = PBXBuildFile; fileRef = DDBA194E2A7E534800E1C508 /* WebViewTests.swift */; };
		DDC7E10E2A339E4B003568B3 /* SingleImageViewController.swift in Sources */ = {isa = PBXBuildFile; fileRef = DDC7E10D2A339E4B003568B3 /* SingleImageViewController.swift */; };
/* End PBXBuildFile section */

/* Begin PBXContainerItemProxy section */
		DDAEF7502A8414910097B83E /* PBXContainerItemProxy */ = {
			isa = PBXContainerItemProxy;
			containerPortal = DD049C002A2138CD00F2A8D3 /* Project object */;
			proxyType = 1;
			remoteGlobalIDString = DD049C072A2138CD00F2A8D3;
			remoteInfo = ImageFeed;
		};
		DDBA19502A7E534800E1C508 /* PBXContainerItemProxy */ = {
			isa = PBXContainerItemProxy;
			containerPortal = DD049C002A2138CD00F2A8D3 /* Project object */;
			proxyType = 1;
			remoteGlobalIDString = DD049C072A2138CD00F2A8D3;
			remoteInfo = ImageFeed;
		};
/* End PBXContainerItemProxy section */

/* Begin PBXFileReference section */
		DD049C082A2138CD00F2A8D3 /* ImageFeed.app */ = {isa = PBXFileReference; explicitFileType = wrapper.application; includeInIndex = 0; path = ImageFeed.app; sourceTree = BUILT_PRODUCTS_DIR; };
		DD049C0B2A2138CD00F2A8D3 /* AppDelegate.swift */ = {isa = PBXFileReference; lastKnownFileType = sourcecode.swift; path = AppDelegate.swift; sourceTree = "<group>"; };
		DD049C0D2A2138CD00F2A8D3 /* SceneDelegate.swift */ = {isa = PBXFileReference; lastKnownFileType = sourcecode.swift; path = SceneDelegate.swift; sourceTree = "<group>"; };
		DD049C0F2A2138CD00F2A8D3 /* ImagesListViewController.swift */ = {isa = PBXFileReference; lastKnownFileType = sourcecode.swift; path = ImagesListViewController.swift; sourceTree = "<group>"; };
		DD049C142A2138CE00F2A8D3 /* Assets.xcassets */ = {isa = PBXFileReference; lastKnownFileType = folder.assetcatalog; path = Assets.xcassets; sourceTree = "<group>"; };
		DD049C172A2138CE00F2A8D3 /* Base */ = {isa = PBXFileReference; lastKnownFileType = file.storyboard; name = Base; path = Base.lproj/LaunchScreen.storyboard; sourceTree = "<group>"; };
		DD049C192A2138CE00F2A8D3 /* Info.plist */ = {isa = PBXFileReference; lastKnownFileType = text.plist.xml; path = Info.plist; sourceTree = "<group>"; };
		DD049C202A213DD800F2A8D3 /* UIColor+Extensions.swift */ = {isa = PBXFileReference; lastKnownFileType = sourcecode.swift; path = "UIColor+Extensions.swift"; sourceTree = "<group>"; };
		DD049C232A2147F800F2A8D3 /* ImagesListCell.swift */ = {isa = PBXFileReference; lastKnownFileType = sourcecode.swift; path = ImagesListCell.swift; sourceTree = "<group>"; };
		DD0FE2242A69C47200D59F27 /* ImagesListService.swift */ = {isa = PBXFileReference; lastKnownFileType = sourcecode.swift; path = ImagesListService.swift; sourceTree = "<group>"; };
		DD0FE2262A6A5A9600D59F27 /* Optional+Extensions.swift */ = {isa = PBXFileReference; lastKnownFileType = sourcecode.swift; path = "Optional+Extensions.swift"; sourceTree = "<group>"; };
		DD146C582A7E71BE00069136 /* ProfileViewPresenter.swift */ = {isa = PBXFileReference; lastKnownFileType = sourcecode.swift; path = ProfileViewPresenter.swift; sourceTree = "<group>"; };
		DD146C5A2A7E798B00069136 /* ProfileViewModel.swift */ = {isa = PBXFileReference; lastKnownFileType = sourcecode.swift; path = ProfileViewModel.swift; sourceTree = "<group>"; };
		DD146C5C2A7FDEAF00069136 /* ProfileViewTests.swift */ = {isa = PBXFileReference; lastKnownFileType = sourcecode.swift; path = ProfileViewTests.swift; sourceTree = "<group>"; };
		DD2525D32A8001F7004FE031 /* ImagesListPresenter.swift */ = {isa = PBXFileReference; lastKnownFileType = sourcecode.swift; path = ImagesListPresenter.swift; sourceTree = "<group>"; };
		DD2525D52A817325004FE031 /* ImagesListTests.swift */ = {isa = PBXFileReference; lastKnownFileType = sourcecode.swift; path = ImagesListTests.swift; sourceTree = "<group>"; };
		DD59E4C82A324375005C650F /* ProfileViewController.swift */ = {isa = PBXFileReference; lastKnownFileType = sourcecode.swift; path = ProfileViewController.swift; sourceTree = "<group>"; };
		DD6AAC912A59797D0084D92F /* UIBlockingProgressHUD.swift */ = {isa = PBXFileReference; lastKnownFileType = sourcecode.swift; path = UIBlockingProgressHUD.swift; sourceTree = "<group>"; };
		DD6AAC972A5985D70084D92F /* ProfileService.swift */ = {isa = PBXFileReference; lastKnownFileType = sourcecode.swift; path = ProfileService.swift; sourceTree = "<group>"; };
		DD6AAC992A598FD80084D92F /* URLRequest+Extensions.swift */ = {isa = PBXFileReference; lastKnownFileType = sourcecode.swift; path = "URLRequest+Extensions.swift"; sourceTree = "<group>"; };
		DD6AAC9B2A59E9200084D92F /* ProfileImageService.swift */ = {isa = PBXFileReference; lastKnownFileType = sourcecode.swift; path = ProfileImageService.swift; sourceTree = "<group>"; };
		DD6AACA32A5BF9130084D92F /* Errors.swift */ = {isa = PBXFileReference; lastKnownFileType = sourcecode.swift; path = Errors.swift; sourceTree = "<group>"; };
		DD6AACA52A5C77B30084D92F /* URLSession+Extensions.swift */ = {isa = PBXFileReference; lastKnownFileType = sourcecode.swift; path = "URLSession+Extensions.swift"; sourceTree = "<group>"; };
		DD6AACAF2A5DA2C20084D92F /* TabBarController.swift */ = {isa = PBXFileReference; lastKnownFileType = sourcecode.swift; path = TabBarController.swift; sourceTree = "<group>"; };
		DD8107342A470C5700FD870C /* OAuth2Service.swift */ = {isa = PBXFileReference; lastKnownFileType = sourcecode.swift; path = OAuth2Service.swift; sourceTree = "<group>"; };
		DD8107362A471BF400FD870C /* OAuth2TokenStorage.swift */ = {isa = PBXFileReference; lastKnownFileType = sourcecode.swift; path = OAuth2TokenStorage.swift; sourceTree = "<group>"; };
		DD8107392A4820E200FD870C /* SplashViewController.swift */ = {isa = PBXFileReference; lastKnownFileType = sourcecode.swift; path = SplashViewController.swift; sourceTree = "<group>"; };
		DD8F10EA2A82B816002D4846 /* OptionalTests.swift */ = {isa = PBXFileReference; lastKnownFileType = sourcecode.swift; path = OptionalTests.swift; sourceTree = "<group>"; };
		DD8F10EC2A82B9EE002D4846 /* URLRequestTests.swift */ = {isa = PBXFileReference; lastKnownFileType = sourcecode.swift; path = URLRequestTests.swift; sourceTree = "<group>"; };
		DDA239A82A44AC28005A69E5 /* AuthConfiguration.swift */ = {isa = PBXFileReference; lastKnownFileType = sourcecode.swift; path = AuthConfiguration.swift; sourceTree = "<group>"; };
		DDA239AB2A44B2F3005A69E5 /* AuthViewController.swift */ = {isa = PBXFileReference; lastKnownFileType = sourcecode.swift; path = AuthViewController.swift; sourceTree = "<group>"; };
		DDA239AD2A44D4E2005A69E5 /* WebViewViewController.swift */ = {isa = PBXFileReference; lastKnownFileType = sourcecode.swift; path = WebViewViewController.swift; sourceTree = "<group>"; };
		DDAEF74A2A8414910097B83E /* ImageFeedUITests.xctest */ = {isa = PBXFileReference; explicitFileType = wrapper.cfbundle; includeInIndex = 0; path = ImageFeedUITests.xctest; sourceTree = BUILT_PRODUCTS_DIR; };
		DDAEF74C2A8414910097B83E /* ImageFeedUITests.swift */ = {isa = PBXFileReference; lastKnownFileType = sourcecode.swift; path = ImageFeedUITests.swift; sourceTree = "<group>"; };
		DDB7123E2A6D8162004120F6 /* OAuthTokenResponseBody.swift */ = {isa = PBXFileReference; lastKnownFileType = sourcecode.swift; path = OAuthTokenResponseBody.swift; sourceTree = "<group>"; };
		DDB712402A6D81B3004120F6 /* PhotoResult.swift */ = {isa = PBXFileReference; lastKnownFileType = sourcecode.swift; path = PhotoResult.swift; sourceTree = "<group>"; };
		DDB712422A6D81F2004120F6 /* Photo.swift */ = {isa = PBXFileReference; lastKnownFileType = sourcecode.swift; path = Photo.swift; sourceTree = "<group>"; };
		DDB712452A6D8293004120F6 /* ProfileResult.swift */ = {isa = PBXFileReference; lastKnownFileType = sourcecode.swift; path = ProfileResult.swift; sourceTree = "<group>"; };
		DDB712472A6D82CA004120F6 /* ProfileImageResult.swift */ = {isa = PBXFileReference; lastKnownFileType = sourcecode.swift; path = ProfileImageResult.swift; sourceTree = "<group>"; };
		DDB712492A6D857F004120F6 /* ImagesListCellModel.swift */ = {isa = PBXFileReference; lastKnownFileType = sourcecode.swift; path = ImagesListCellModel.swift; sourceTree = "<group>"; };
		DDBA19442A7D7A2E00E1C508 /* WebViewPresenter.swift */ = {isa = PBXFileReference; lastKnownFileType = sourcecode.swift; path = WebViewPresenter.swift; sourceTree = "<group>"; };
		DDBA19462A7E493B00E1C508 /* AuthHelper.swift */ = {isa = PBXFileReference; lastKnownFileType = sourcecode.swift; path = AuthHelper.swift; sourceTree = "<group>"; };
		DDBA194C2A7E534800E1C508 /* ImageFeedTests.xctest */ = {isa = PBXFileReference; explicitFileType = wrapper.cfbundle; includeInIndex = 0; path = ImageFeedTests.xctest; sourceTree = BUILT_PRODUCTS_DIR; };
		DDBA194E2A7E534800E1C508 /* WebViewTests.swift */ = {isa = PBXFileReference; lastKnownFileType = sourcecode.swift; path = WebViewTests.swift; sourceTree = "<group>"; };
		DDC7E10D2A339E4B003568B3 /* SingleImageViewController.swift */ = {isa = PBXFileReference; lastKnownFileType = sourcecode.swift; path = SingleImageViewController.swift; sourceTree = "<group>"; };
/* End PBXFileReference section */

/* Begin PBXFrameworksBuildPhase section */
		DD049C052A2138CD00F2A8D3 /* Frameworks */ = {
			isa = PBXFrameworksBuildPhase;
			buildActionMask = 2147483647;
			files = (
				DD6AACA92A5D42980084D92F /* Kingfisher in Frameworks */,
				DD6AAC902A587D3B0084D92F /* ProgressHUD in Frameworks */,
				DD6AACAC2A5D9B770084D92F /* SwiftKeychainWrapper in Frameworks */,
			);
			runOnlyForDeploymentPostprocessing = 0;
		};
		DDAEF7472A8414910097B83E /* Frameworks */ = {
			isa = PBXFrameworksBuildPhase;
			buildActionMask = 2147483647;
			files = (
			);
			runOnlyForDeploymentPostprocessing = 0;
		};
		DDBA19492A7E534800E1C508 /* Frameworks */ = {
			isa = PBXFrameworksBuildPhase;
			buildActionMask = 2147483647;
			files = (
			);
			runOnlyForDeploymentPostprocessing = 0;
		};
/* End PBXFrameworksBuildPhase section */

/* Begin PBXGroup section */
		DD049BFF2A2138CD00F2A8D3 = {
			isa = PBXGroup;
			children = (
				DD049C0A2A2138CD00F2A8D3 /* ImageFeed */,
				DDBA194D2A7E534800E1C508 /* ImageFeedTests */,
				DDAEF74B2A8414910097B83E /* ImageFeedUITests */,
				DD049C092A2138CD00F2A8D3 /* Products */,
			);
			sourceTree = "<group>";
		};
		DD049C092A2138CD00F2A8D3 /* Products */ = {
			isa = PBXGroup;
			children = (
				DD049C082A2138CD00F2A8D3 /* ImageFeed.app */,
				DDBA194C2A7E534800E1C508 /* ImageFeedTests.xctest */,
				DDAEF74A2A8414910097B83E /* ImageFeedUITests.xctest */,
			);
			name = Products;
			sourceTree = "<group>";
		};
		DD049C0A2A2138CD00F2A8D3 /* ImageFeed */ = {
			isa = PBXGroup;
			children = (
				DDB7123D2A6D80EB004120F6 /* Application */,
				DDB7123B2A6D7F8D004120F6 /* API */,
				DD04BC512A4A14E50028EF6D /* Auth */,
				DDBA19432A7BFF2800E1C508 /* DataPersistence */,
				DDBA19422A7BFCC200E1C508 /* Core */,
				DD04BC502A4A14AB0028EF6D /* SplashViewController */,
				DD6AACAE2A5DA2B10084D92F /* TabBarController */,
				DD6BDE232A3DCBC00072C04E /* Resources */,
			);
			path = ImageFeed;
			sourceTree = "<group>";
		};
		DD049C1F2A213D9F00F2A8D3 /* Extensions */ = {
			isa = PBXGroup;
			children = (
				DD0FE2262A6A5A9600D59F27 /* Optional+Extensions.swift */,
				DD049C202A213DD800F2A8D3 /* UIColor+Extensions.swift */,
				DD6AAC992A598FD80084D92F /* URLRequest+Extensions.swift */,
				DD6AACA52A5C77B30084D92F /* URLSession+Extensions.swift */,
			);
			path = Extensions;
			sourceTree = "<group>";
		};
		DD049C222A2147E500F2A8D3 /* ImagesList */ = {
			isa = PBXGroup;
			children = (
				DDB712442A6D820E004120F6 /* Models */,
				DD049C0F2A2138CD00F2A8D3 /* ImagesListViewController.swift */,
				DD2525D32A8001F7004FE031 /* ImagesListPresenter.swift */,
				DDC7E10D2A339E4B003568B3 /* SingleImageViewController.swift */,
				DD049C232A2147F800F2A8D3 /* ImagesListCell.swift */,
			);
			path = ImagesList;
			sourceTree = "<group>";
		};
		DD04BC502A4A14AB0028EF6D /* SplashViewController */ = {
			isa = PBXGroup;
			children = (
				DD8107392A4820E200FD870C /* SplashViewController.swift */,
			);
			path = SplashViewController;
			sourceTree = "<group>";
		};
		DD04BC512A4A14E50028EF6D /* Auth */ = {
			isa = PBXGroup;
			children = (
				DDA239AB2A44B2F3005A69E5 /* AuthViewController.swift */,
				DDA239AD2A44D4E2005A69E5 /* WebViewViewController.swift */,
				DDBA19442A7D7A2E00E1C508 /* WebViewPresenter.swift */,
				DDA239A82A44AC28005A69E5 /* AuthConfiguration.swift */,
				DDBA19462A7E493B00E1C508 /* AuthHelper.swift */,
			);
			path = Auth;
			sourceTree = "<group>";
		};
		DD59E4C72A32432C005C650F /* Profile */ = {
			isa = PBXGroup;
			children = (
				DD146C5A2A7E798B00069136 /* ProfileViewModel.swift */,
				DD59E4C82A324375005C650F /* ProfileViewController.swift */,
				DD146C582A7E71BE00069136 /* ProfileViewPresenter.swift */,
			);
			path = Profile;
			sourceTree = "<group>";
		};
		DD6AACAE2A5DA2B10084D92F /* TabBarController */ = {
			isa = PBXGroup;
			children = (
				DD6AACAF2A5DA2C20084D92F /* TabBarController.swift */,
				DD049C222A2147E500F2A8D3 /* ImagesList */,
				DD59E4C72A32432C005C650F /* Profile */,
			);
			path = TabBarController;
			sourceTree = "<group>";
		};
		DD6BDE232A3DCBC00072C04E /* Resources */ = {
			isa = PBXGroup;
			children = (
				DD049C162A2138CE00F2A8D3 /* LaunchScreen.storyboard */,
				DD049C192A2138CE00F2A8D3 /* Info.plist */,
				DD049C142A2138CE00F2A8D3 /* Assets.xcassets */,
			);
			path = Resources;
			sourceTree = "<group>";
		};
		DDAEF74B2A8414910097B83E /* ImageFeedUITests */ = {
			isa = PBXGroup;
			children = (
				DDAEF74C2A8414910097B83E /* ImageFeedUITests.swift */,
			);
			path = ImageFeedUITests;
			sourceTree = "<group>";
		};
		DDB7123B2A6D7F8D004120F6 /* API */ = {
			isa = PBXGroup;
			children = (
				DD6AACA32A5BF9130084D92F /* Errors.swift */,
				DDB7123C2A6D80CA004120F6 /* Models */,
				DDBA19412A7BFB7300E1C508 /* Services */,
			);
			path = API;
			sourceTree = "<group>";
		};
		DDB7123C2A6D80CA004120F6 /* Models */ = {
			isa = PBXGroup;
			children = (
				DDB7123E2A6D8162004120F6 /* OAuthTokenResponseBody.swift */,
				DDB712402A6D81B3004120F6 /* PhotoResult.swift */,
				DDB712452A6D8293004120F6 /* ProfileResult.swift */,
				DDB712472A6D82CA004120F6 /* ProfileImageResult.swift */,
			);
			path = Models;
			sourceTree = "<group>";
		};
		DDB7123D2A6D80EB004120F6 /* Application */ = {
			isa = PBXGroup;
			children = (
				DD049C0B2A2138CD00F2A8D3 /* AppDelegate.swift */,
				DD049C0D2A2138CD00F2A8D3 /* SceneDelegate.swift */,
			);
			path = Application;
			sourceTree = "<group>";
		};
		DDB712442A6D820E004120F6 /* Models */ = {
			isa = PBXGroup;
			children = (
				DDB712422A6D81F2004120F6 /* Photo.swift */,
				DDB712492A6D857F004120F6 /* ImagesListCellModel.swift */,
			);
			path = Models;
			sourceTree = "<group>";
		};
		DDBA19412A7BFB7300E1C508 /* Services */ = {
			isa = PBXGroup;
			children = (
				DD0FE2242A69C47200D59F27 /* ImagesListService.swift */,
				DD6AAC972A5985D70084D92F /* ProfileService.swift */,
				DD6AAC9B2A59E9200084D92F /* ProfileImageService.swift */,
				DD8107342A470C5700FD870C /* OAuth2Service.swift */,
			);
			path = Services;
			sourceTree = "<group>";
		};
		DDBA19422A7BFCC200E1C508 /* Core */ = {
			isa = PBXGroup;
			children = (
				DD6AAC912A59797D0084D92F /* UIBlockingProgressHUD.swift */,
				DD049C1F2A213D9F00F2A8D3 /* Extensions */,
			);
			path = Core;
			sourceTree = "<group>";
		};
		DDBA19432A7BFF2800E1C508 /* DataPersistence */ = {
			isa = PBXGroup;
			children = (
				DD8107362A471BF400FD870C /* OAuth2TokenStorage.swift */,
			);
			path = DataPersistence;
			sourceTree = "<group>";
		};
		DDBA194D2A7E534800E1C508 /* ImageFeedTests */ = {
			isa = PBXGroup;
			children = (
				DDBA194E2A7E534800E1C508 /* WebViewTests.swift */,
				DD146C5C2A7FDEAF00069136 /* ProfileViewTests.swift */,
				DD2525D52A817325004FE031 /* ImagesListTests.swift */,
				DD8F10EA2A82B816002D4846 /* OptionalTests.swift */,
				DD8F10EC2A82B9EE002D4846 /* URLRequestTests.swift */,
			);
			path = ImageFeedTests;
			sourceTree = "<group>";
		};
/* End PBXGroup section */

/* Begin PBXNativeTarget section */
		DD049C072A2138CD00F2A8D3 /* ImageFeed */ = {
			isa = PBXNativeTarget;
			buildConfigurationList = DD049C1C2A2138CE00F2A8D3 /* Build configuration list for PBXNativeTarget "ImageFeed" */;
			buildPhases = (
				DD049C042A2138CD00F2A8D3 /* Sources */,
				DD049C052A2138CD00F2A8D3 /* Frameworks */,
				DD049C062A2138CD00F2A8D3 /* Resources */,
			);
			buildRules = (
			);
			dependencies = (
			);
			name = ImageFeed;
			packageProductDependencies = (
				DD6AAC8F2A587D3B0084D92F /* ProgressHUD */,
				DD6AACA82A5D42980084D92F /* Kingfisher */,
				DD6AACAB2A5D9B770084D92F /* SwiftKeychainWrapper */,
			);
			productName = ImageFeed;
			productReference = DD049C082A2138CD00F2A8D3 /* ImageFeed.app */;
			productType = "com.apple.product-type.application";
		};
		DDAEF7492A8414910097B83E /* ImageFeedUITests */ = {
			isa = PBXNativeTarget;
			buildConfigurationList = DDAEF7542A8414910097B83E /* Build configuration list for PBXNativeTarget "ImageFeedUITests" */;
			buildPhases = (
				DDAEF7462A8414910097B83E /* Sources */,
				DDAEF7472A8414910097B83E /* Frameworks */,
				DDAEF7482A8414910097B83E /* Resources */,
			);
			buildRules = (
			);
			dependencies = (
				DDAEF7512A8414910097B83E /* PBXTargetDependency */,
			);
			name = ImageFeedUITests;
			productName = ImageFeedUITests;
			productReference = DDAEF74A2A8414910097B83E /* ImageFeedUITests.xctest */;
			productType = "com.apple.product-type.bundle.ui-testing";
		};
		DDBA194B2A7E534800E1C508 /* ImageFeedTests */ = {
			isa = PBXNativeTarget;
			buildConfigurationList = DDBA19522A7E534800E1C508 /* Build configuration list for PBXNativeTarget "ImageFeedTests" */;
			buildPhases = (
				DDBA19482A7E534800E1C508 /* Sources */,
				DDBA19492A7E534800E1C508 /* Frameworks */,
				DDBA194A2A7E534800E1C508 /* Resources */,
			);
			buildRules = (
			);
			dependencies = (
				DDBA19512A7E534800E1C508 /* PBXTargetDependency */,
			);
			name = ImageFeedTests;
			productName = ImageFeedTests;
			productReference = DDBA194C2A7E534800E1C508 /* ImageFeedTests.xctest */;
			productType = "com.apple.product-type.bundle.unit-test";
		};
/* End PBXNativeTarget section */

/* Begin PBXProject section */
		DD049C002A2138CD00F2A8D3 /* Project object */ = {
			isa = PBXProject;
			attributes = {
				BuildIndependentTargetsInParallel = 1;
				LastSwiftUpdateCheck = 1430;
				LastUpgradeCheck = 1430;
				TargetAttributes = {
					DD049C072A2138CD00F2A8D3 = {
						CreatedOnToolsVersion = 14.3;
					};
					DDAEF7492A8414910097B83E = {
						CreatedOnToolsVersion = 14.3.1;
						TestTargetID = DD049C072A2138CD00F2A8D3;
					};
					DDBA194B2A7E534800E1C508 = {
						CreatedOnToolsVersion = 14.3.1;
						TestTargetID = DD049C072A2138CD00F2A8D3;
					};
				};
			};
			buildConfigurationList = DD049C032A2138CD00F2A8D3 /* Build configuration list for PBXProject "ImageFeed" */;
			compatibilityVersion = "Xcode 14.0";
			developmentRegion = en;
			hasScannedForEncodings = 0;
			knownRegions = (
				en,
				Base,
			);
			mainGroup = DD049BFF2A2138CD00F2A8D3;
			packageReferences = (
				DD6AAC8E2A587D3B0084D92F /* XCRemoteSwiftPackageReference "ProgressHUD" */,
				DD6AACA72A5D42980084D92F /* XCRemoteSwiftPackageReference "Kingfisher" */,
				DD6AACAA2A5D9B770084D92F /* XCRemoteSwiftPackageReference "SwiftKeychainWrapper" */,
			);
			productRefGroup = DD049C092A2138CD00F2A8D3 /* Products */;
			projectDirPath = "";
			projectRoot = "";
			targets = (
				DD049C072A2138CD00F2A8D3 /* ImageFeed */,
				DDBA194B2A7E534800E1C508 /* ImageFeedTests */,
				DDAEF7492A8414910097B83E /* ImageFeedUITests */,
			);
		};
/* End PBXProject section */

/* Begin PBXResourcesBuildPhase section */
		DD049C062A2138CD00F2A8D3 /* Resources */ = {
			isa = PBXResourcesBuildPhase;
			buildActionMask = 2147483647;
			files = (
				DD049C182A2138CE00F2A8D3 /* LaunchScreen.storyboard in Resources */,
				DD049C152A2138CE00F2A8D3 /* Assets.xcassets in Resources */,
			);
			runOnlyForDeploymentPostprocessing = 0;
		};
		DDAEF7482A8414910097B83E /* Resources */ = {
			isa = PBXResourcesBuildPhase;
			buildActionMask = 2147483647;
			files = (
			);
			runOnlyForDeploymentPostprocessing = 0;
		};
		DDBA194A2A7E534800E1C508 /* Resources */ = {
			isa = PBXResourcesBuildPhase;
			buildActionMask = 2147483647;
			files = (
			);
			runOnlyForDeploymentPostprocessing = 0;
		};
/* End PBXResourcesBuildPhase section */

/* Begin PBXSourcesBuildPhase section */
		DD049C042A2138CD00F2A8D3 /* Sources */ = {
			isa = PBXSourcesBuildPhase;
			buildActionMask = 2147483647;
			files = (
				DD6AACA62A5C77B30084D92F /* URLSession+Extensions.swift in Sources */,
				DDA239AE2A44D4E2005A69E5 /* WebViewViewController.swift in Sources */,
				DD6AAC982A5985D70084D92F /* ProfileService.swift in Sources */,
				DDB712432A6D81F2004120F6 /* Photo.swift in Sources */,
				DD8107352A470C5700FD870C /* OAuth2Service.swift in Sources */,
				DD0FE2252A69C47200D59F27 /* ImagesListService.swift in Sources */,
				DD59E4C92A324375005C650F /* ProfileViewController.swift in Sources */,
				DD049C102A2138CD00F2A8D3 /* ImagesListViewController.swift in Sources */,
				DD049C0C2A2138CD00F2A8D3 /* AppDelegate.swift in Sources */,
				DDB712482A6D82CA004120F6 /* ProfileImageResult.swift in Sources */,
				DDBA19452A7D7A2E00E1C508 /* WebViewPresenter.swift in Sources */,
				DD6AAC9C2A59E9200084D92F /* ProfileImageService.swift in Sources */,
				DD8107372A471BF400FD870C /* OAuth2TokenStorage.swift in Sources */,
				DDC7E10E2A339E4B003568B3 /* SingleImageViewController.swift in Sources */,
				DD2525D42A8001F7004FE031 /* ImagesListPresenter.swift in Sources */,
				DDB712412A6D81B3004120F6 /* PhotoResult.swift in Sources */,
				DD6AAC922A59797D0084D92F /* UIBlockingProgressHUD.swift in Sources */,
				DDB7124A2A6D857F004120F6 /* ImagesListCellModel.swift in Sources */,
				DD049C242A2147F800F2A8D3 /* ImagesListCell.swift in Sources */,
				DD146C5B2A7E798B00069136 /* ProfileViewModel.swift in Sources */,
				DDB7123F2A6D8162004120F6 /* OAuthTokenResponseBody.swift in Sources */,
				DD81073A2A4820E200FD870C /* SplashViewController.swift in Sources */,
				DD049C0E2A2138CD00F2A8D3 /* SceneDelegate.swift in Sources */,
				DD049C212A213DD800F2A8D3 /* UIColor+Extensions.swift in Sources */,
				DD6AAC9A2A598FD80084D92F /* URLRequest+Extensions.swift in Sources */,
				DDA239AC2A44B2F4005A69E5 /* AuthViewController.swift in Sources */,
				DD146C592A7E71BE00069136 /* ProfileViewPresenter.swift in Sources */,
				DDA239A92A44AC28005A69E5 /* AuthConfiguration.swift in Sources */,
				DD0FE2272A6A5A9600D59F27 /* Optional+Extensions.swift in Sources */,
				DD6AACB02A5DA2C20084D92F /* TabBarController.swift in Sources */,
				DDB712462A6D8293004120F6 /* ProfileResult.swift in Sources */,
				DDBA19472A7E493B00E1C508 /* AuthHelper.swift in Sources */,
				DD6AACA42A5BF9130084D92F /* Errors.swift in Sources */,
			);
			runOnlyForDeploymentPostprocessing = 0;
		};
		DDAEF7462A8414910097B83E /* Sources */ = {
			isa = PBXSourcesBuildPhase;
			buildActionMask = 2147483647;
			files = (
				DDAEF74D2A8414910097B83E /* ImageFeedUITests.swift in Sources */,
			);
			runOnlyForDeploymentPostprocessing = 0;
		};
		DDBA19482A7E534800E1C508 /* Sources */ = {
			isa = PBXSourcesBuildPhase;
			buildActionMask = 2147483647;
			files = (
				DD2525D62A817325004FE031 /* ImagesListTests.swift in Sources */,
				DD146C5D2A7FDEAF00069136 /* ProfileViewTests.swift in Sources */,
				DDBA194F2A7E534800E1C508 /* WebViewTests.swift in Sources */,
				DD8F10EB2A82B816002D4846 /* OptionalTests.swift in Sources */,
				DD8F10ED2A82B9EE002D4846 /* URLRequestTests.swift in Sources */,
			);
			runOnlyForDeploymentPostprocessing = 0;
		};
/* End PBXSourcesBuildPhase section */

/* Begin PBXTargetDependency section */
		DDAEF7512A8414910097B83E /* PBXTargetDependency */ = {
			isa = PBXTargetDependency;
			target = DD049C072A2138CD00F2A8D3 /* ImageFeed */;
			targetProxy = DDAEF7502A8414910097B83E /* PBXContainerItemProxy */;
		};
		DDBA19512A7E534800E1C508 /* PBXTargetDependency */ = {
			isa = PBXTargetDependency;
			target = DD049C072A2138CD00F2A8D3 /* ImageFeed */;
			targetProxy = DDBA19502A7E534800E1C508 /* PBXContainerItemProxy */;
		};
/* End PBXTargetDependency section */

/* Begin PBXVariantGroup section */
		DD049C162A2138CE00F2A8D3 /* LaunchScreen.storyboard */ = {
			isa = PBXVariantGroup;
			children = (
				DD049C172A2138CE00F2A8D3 /* Base */,
			);
			name = LaunchScreen.storyboard;
			sourceTree = "<group>";
		};
/* End PBXVariantGroup section */

/* Begin XCBuildConfiguration section */
		DD049C1A2A2138CE00F2A8D3 /* Debug */ = {
			isa = XCBuildConfiguration;
			buildSettings = {
				ALWAYS_SEARCH_USER_PATHS = NO;
				CLANG_ANALYZER_NONNULL = YES;
				CLANG_ANALYZER_NUMBER_OBJECT_CONVERSION = YES_AGGRESSIVE;
				CLANG_CXX_LANGUAGE_STANDARD = "gnu++20";
				CLANG_ENABLE_MODULES = YES;
				CLANG_ENABLE_OBJC_ARC = YES;
				CLANG_ENABLE_OBJC_WEAK = YES;
				CLANG_WARN_BLOCK_CAPTURE_AUTORELEASING = YES;
				CLANG_WARN_BOOL_CONVERSION = YES;
				CLANG_WARN_COMMA = YES;
				CLANG_WARN_CONSTANT_CONVERSION = YES;
				CLANG_WARN_DEPRECATED_OBJC_IMPLEMENTATIONS = YES;
				CLANG_WARN_DIRECT_OBJC_ISA_USAGE = YES_ERROR;
				CLANG_WARN_DOCUMENTATION_COMMENTS = YES;
				CLANG_WARN_EMPTY_BODY = YES;
				CLANG_WARN_ENUM_CONVERSION = YES;
				CLANG_WARN_INFINITE_RECURSION = YES;
				CLANG_WARN_INT_CONVERSION = YES;
				CLANG_WARN_NON_LITERAL_NULL_CONVERSION = YES;
				CLANG_WARN_OBJC_IMPLICIT_RETAIN_SELF = YES;
				CLANG_WARN_OBJC_LITERAL_CONVERSION = YES;
				CLANG_WARN_OBJC_ROOT_CLASS = YES_ERROR;
				CLANG_WARN_QUOTED_INCLUDE_IN_FRAMEWORK_HEADER = YES;
				CLANG_WARN_RANGE_LOOP_ANALYSIS = YES;
				CLANG_WARN_STRICT_PROTOTYPES = YES;
				CLANG_WARN_SUSPICIOUS_MOVE = YES;
				CLANG_WARN_UNGUARDED_AVAILABILITY = YES_AGGRESSIVE;
				CLANG_WARN_UNREACHABLE_CODE = YES;
				CLANG_WARN__DUPLICATE_METHOD_MATCH = YES;
				COPY_PHASE_STRIP = NO;
				DEBUG_INFORMATION_FORMAT = dwarf;
				ENABLE_STRICT_OBJC_MSGSEND = YES;
				ENABLE_TESTABILITY = YES;
				GCC_C_LANGUAGE_STANDARD = gnu11;
				GCC_DYNAMIC_NO_PIC = NO;
				GCC_NO_COMMON_BLOCKS = YES;
				GCC_OPTIMIZATION_LEVEL = 0;
				GCC_PREPROCESSOR_DEFINITIONS = (
					"DEBUG=1",
					"$(inherited)",
				);
				GCC_WARN_64_TO_32_BIT_CONVERSION = YES;
				GCC_WARN_ABOUT_RETURN_TYPE = YES_ERROR;
				GCC_WARN_UNDECLARED_SELECTOR = YES;
				GCC_WARN_UNINITIALIZED_AUTOS = YES_AGGRESSIVE;
				GCC_WARN_UNUSED_FUNCTION = YES;
				GCC_WARN_UNUSED_VARIABLE = YES;
				IPHONEOS_DEPLOYMENT_TARGET = 16.4;
				MTL_ENABLE_DEBUG_INFO = INCLUDE_SOURCE;
				MTL_FAST_MATH = YES;
				ONLY_ACTIVE_ARCH = YES;
				SDKROOT = iphoneos;
				SWIFT_ACTIVE_COMPILATION_CONDITIONS = DEBUG;
				SWIFT_OPTIMIZATION_LEVEL = "-Onone";
			};
			name = Debug;
		};
		DD049C1B2A2138CE00F2A8D3 /* Release */ = {
			isa = XCBuildConfiguration;
			buildSettings = {
				ALWAYS_SEARCH_USER_PATHS = NO;
				CLANG_ANALYZER_NONNULL = YES;
				CLANG_ANALYZER_NUMBER_OBJECT_CONVERSION = YES_AGGRESSIVE;
				CLANG_CXX_LANGUAGE_STANDARD = "gnu++20";
				CLANG_ENABLE_MODULES = YES;
				CLANG_ENABLE_OBJC_ARC = YES;
				CLANG_ENABLE_OBJC_WEAK = YES;
				CLANG_WARN_BLOCK_CAPTURE_AUTORELEASING = YES;
				CLANG_WARN_BOOL_CONVERSION = YES;
				CLANG_WARN_COMMA = YES;
				CLANG_WARN_CONSTANT_CONVERSION = YES;
				CLANG_WARN_DEPRECATED_OBJC_IMPLEMENTATIONS = YES;
				CLANG_WARN_DIRECT_OBJC_ISA_USAGE = YES_ERROR;
				CLANG_WARN_DOCUMENTATION_COMMENTS = YES;
				CLANG_WARN_EMPTY_BODY = YES;
				CLANG_WARN_ENUM_CONVERSION = YES;
				CLANG_WARN_INFINITE_RECURSION = YES;
				CLANG_WARN_INT_CONVERSION = YES;
				CLANG_WARN_NON_LITERAL_NULL_CONVERSION = YES;
				CLANG_WARN_OBJC_IMPLICIT_RETAIN_SELF = YES;
				CLANG_WARN_OBJC_LITERAL_CONVERSION = YES;
				CLANG_WARN_OBJC_ROOT_CLASS = YES_ERROR;
				CLANG_WARN_QUOTED_INCLUDE_IN_FRAMEWORK_HEADER = YES;
				CLANG_WARN_RANGE_LOOP_ANALYSIS = YES;
				CLANG_WARN_STRICT_PROTOTYPES = YES;
				CLANG_WARN_SUSPICIOUS_MOVE = YES;
				CLANG_WARN_UNGUARDED_AVAILABILITY = YES_AGGRESSIVE;
				CLANG_WARN_UNREACHABLE_CODE = YES;
				CLANG_WARN__DUPLICATE_METHOD_MATCH = YES;
				COPY_PHASE_STRIP = NO;
				DEBUG_INFORMATION_FORMAT = "dwarf-with-dsym";
				ENABLE_NS_ASSERTIONS = NO;
				ENABLE_STRICT_OBJC_MSGSEND = YES;
				GCC_C_LANGUAGE_STANDARD = gnu11;
				GCC_NO_COMMON_BLOCKS = YES;
				GCC_WARN_64_TO_32_BIT_CONVERSION = YES;
				GCC_WARN_ABOUT_RETURN_TYPE = YES_ERROR;
				GCC_WARN_UNDECLARED_SELECTOR = YES;
				GCC_WARN_UNINITIALIZED_AUTOS = YES_AGGRESSIVE;
				GCC_WARN_UNUSED_FUNCTION = YES;
				GCC_WARN_UNUSED_VARIABLE = YES;
				IPHONEOS_DEPLOYMENT_TARGET = 16.4;
				MTL_ENABLE_DEBUG_INFO = NO;
				MTL_FAST_MATH = YES;
				SDKROOT = iphoneos;
				SWIFT_COMPILATION_MODE = wholemodule;
				SWIFT_OPTIMIZATION_LEVEL = "-O";
				VALIDATE_PRODUCT = YES;
			};
			name = Release;
		};
		DD049C1D2A2138CE00F2A8D3 /* Debug */ = {
			isa = XCBuildConfiguration;
			buildSettings = {
				ASSETCATALOG_COMPILER_APPICON_NAME = AppIcon;
				ASSETCATALOG_COMPILER_GLOBAL_ACCENT_COLOR_NAME = AccentColor;
				CODE_SIGN_STYLE = Automatic;
				CURRENT_PROJECT_VERSION = 1;
				DEVELOPMENT_TEAM = UL8MT562QM;
				GENERATE_INFOPLIST_FILE = YES;
				INFOPLIST_FILE = ImageFeed/Resources/Info.plist;
				INFOPLIST_KEY_LSApplicationCategoryType = "public.app-category.entertainment";
				INFOPLIST_KEY_UIApplicationSupportsIndirectInputEvents = YES;
				INFOPLIST_KEY_UILaunchStoryboardName = LaunchScreen;
				INFOPLIST_KEY_UISupportedInterfaceOrientations = UIInterfaceOrientationPortrait;
				IPHONEOS_DEPLOYMENT_TARGET = 13.0;
				LD_RUNPATH_SEARCH_PATHS = (
					"$(inherited)",
					"@executable_path/Frameworks",
				);
				MARKETING_VERSION = 1.0;
				PRODUCT_BUNDLE_IDENTIFIER = com.vadamask.ImageFeed;
				PRODUCT_NAME = "$(TARGET_NAME)";
				SUPPORTED_PLATFORMS = "iphoneos iphonesimulator";
				SUPPORTS_MACCATALYST = NO;
				SUPPORTS_MAC_DESIGNED_FOR_IPHONE_IPAD = NO;
				SWIFT_EMIT_LOC_STRINGS = YES;
				SWIFT_VERSION = 5.0;
				TARGETED_DEVICE_FAMILY = 1;
			};
			name = Debug;
		};
		DD049C1E2A2138CE00F2A8D3 /* Release */ = {
			isa = XCBuildConfiguration;
			buildSettings = {
				ASSETCATALOG_COMPILER_APPICON_NAME = AppIcon;
				ASSETCATALOG_COMPILER_GLOBAL_ACCENT_COLOR_NAME = AccentColor;
				CODE_SIGN_STYLE = Automatic;
				CURRENT_PROJECT_VERSION = 1;
				DEVELOPMENT_TEAM = UL8MT562QM;
				GENERATE_INFOPLIST_FILE = YES;
				INFOPLIST_FILE = ImageFeed/Resources/Info.plist;
				INFOPLIST_KEY_LSApplicationCategoryType = "public.app-category.entertainment";
				INFOPLIST_KEY_UIApplicationSupportsIndirectInputEvents = YES;
				INFOPLIST_KEY_UILaunchStoryboardName = LaunchScreen;
				INFOPLIST_KEY_UISupportedInterfaceOrientations = UIInterfaceOrientationPortrait;
				IPHONEOS_DEPLOYMENT_TARGET = 13.0;
				LD_RUNPATH_SEARCH_PATHS = (
					"$(inherited)",
					"@executable_path/Frameworks",
				);
				MARKETING_VERSION = 1.0;
				PRODUCT_BUNDLE_IDENTIFIER = com.vadamask.ImageFeed;
				PRODUCT_NAME = "$(TARGET_NAME)";
				SUPPORTED_PLATFORMS = "iphoneos iphonesimulator";
				SUPPORTS_MACCATALYST = NO;
				SUPPORTS_MAC_DESIGNED_FOR_IPHONE_IPAD = NO;
				SWIFT_EMIT_LOC_STRINGS = YES;
				SWIFT_VERSION = 5.0;
				TARGETED_DEVICE_FAMILY = 1;
			};
			name = Release;
		};
		DDAEF7522A8414910097B83E /* Debug */ = {
			isa = XCBuildConfiguration;
			buildSettings = {
				CODE_SIGN_STYLE = Automatic;
				CURRENT_PROJECT_VERSION = 1;
				DEVELOPMENT_TEAM = UL8MT562QM;
				GENERATE_INFOPLIST_FILE = YES;
				MARKETING_VERSION = 1.0;
				PRODUCT_BUNDLE_IDENTIFIER = com.vadamask.ImageFeedUITests;
				PRODUCT_NAME = "$(TARGET_NAME)";
				SWIFT_EMIT_LOC_STRINGS = NO;
				SWIFT_VERSION = 5.0;
				TARGETED_DEVICE_FAMILY = "1,2";
				TEST_TARGET_NAME = ImageFeed;
			};
			name = Debug;
		};
		DDAEF7532A8414910097B83E /* Release */ = {
			isa = XCBuildConfiguration;
			buildSettings = {
				CODE_SIGN_STYLE = Automatic;
				CURRENT_PROJECT_VERSION = 1;
				DEVELOPMENT_TEAM = UL8MT562QM;
				GENERATE_INFOPLIST_FILE = YES;
				MARKETING_VERSION = 1.0;
				PRODUCT_BUNDLE_IDENTIFIER = com.vadamask.ImageFeedUITests;
				PRODUCT_NAME = "$(TARGET_NAME)";
				SWIFT_EMIT_LOC_STRINGS = NO;
				SWIFT_VERSION = 5.0;
				TARGETED_DEVICE_FAMILY = "1,2";
				TEST_TARGET_NAME = ImageFeed;
			};
			name = Release;
		};
		DDBA19532A7E534800E1C508 /* Debug */ = {
			isa = XCBuildConfiguration;
			buildSettings = {
				BUNDLE_LOADER = "$(TEST_HOST)";
				CODE_SIGN_STYLE = Automatic;
				CURRENT_PROJECT_VERSION = 1;
				DEVELOPMENT_TEAM = UL8MT562QM;
				GENERATE_INFOPLIST_FILE = YES;
				MARKETING_VERSION = 1.0;
				PRODUCT_BUNDLE_IDENTIFIER = com.vadamask.ImageFeedTests;
				PRODUCT_NAME = "$(TARGET_NAME)";
				SWIFT_EMIT_LOC_STRINGS = NO;
				SWIFT_VERSION = 5.0;
				TARGETED_DEVICE_FAMILY = "1,2";
				TEST_HOST = "$(BUILT_PRODUCTS_DIR)/ImageFeed.app/$(BUNDLE_EXECUTABLE_FOLDER_PATH)/ImageFeed";
			};
			name = Debug;
		};
		DDBA19542A7E534800E1C508 /* Release */ = {
			isa = XCBuildConfiguration;
			buildSettings = {
				BUNDLE_LOADER = "$(TEST_HOST)";
				CODE_SIGN_STYLE = Automatic;
				CURRENT_PROJECT_VERSION = 1;
				DEVELOPMENT_TEAM = UL8MT562QM;
				GENERATE_INFOPLIST_FILE = YES;
				MARKETING_VERSION = 1.0;
				PRODUCT_BUNDLE_IDENTIFIER = com.vadamask.ImageFeedTests;
				PRODUCT_NAME = "$(TARGET_NAME)";
				SWIFT_EMIT_LOC_STRINGS = NO;
				SWIFT_VERSION = 5.0;
				TARGETED_DEVICE_FAMILY = "1,2";
				TEST_HOST = "$(BUILT_PRODUCTS_DIR)/ImageFeed.app/$(BUNDLE_EXECUTABLE_FOLDER_PATH)/ImageFeed";
			};
			name = Release;
		};
/* End XCBuildConfiguration section */

/* Begin XCConfigurationList section */
		DD049C032A2138CD00F2A8D3 /* Build configuration list for PBXProject "ImageFeed" */ = {
			isa = XCConfigurationList;
			buildConfigurations = (
				DD049C1A2A2138CE00F2A8D3 /* Debug */,
				DD049C1B2A2138CE00F2A8D3 /* Release */,
			);
			defaultConfigurationIsVisible = 0;
			defaultConfigurationName = Release;
		};
		DD049C1C2A2138CE00F2A8D3 /* Build configuration list for PBXNativeTarget "ImageFeed" */ = {
			isa = XCConfigurationList;
			buildConfigurations = (
				DD049C1D2A2138CE00F2A8D3 /* Debug */,
				DD049C1E2A2138CE00F2A8D3 /* Release */,
			);
			defaultConfigurationIsVisible = 0;
			defaultConfigurationName = Release;
		};
		DDAEF7542A8414910097B83E /* Build configuration list for PBXNativeTarget "ImageFeedUITests" */ = {
			isa = XCConfigurationList;
			buildConfigurations = (
				DDAEF7522A8414910097B83E /* Debug */,
				DDAEF7532A8414910097B83E /* Release */,
			);
			defaultConfigurationIsVisible = 0;
			defaultConfigurationName = Release;
		};
		DDBA19522A7E534800E1C508 /* Build configuration list for PBXNativeTarget "ImageFeedTests" */ = {
			isa = XCConfigurationList;
			buildConfigurations = (
				DDBA19532A7E534800E1C508 /* Debug */,
				DDBA19542A7E534800E1C508 /* Release */,
			);
			defaultConfigurationIsVisible = 0;
			defaultConfigurationName = Release;
		};
/* End XCConfigurationList section */

/* Begin XCRemoteSwiftPackageReference section */
		DD6AAC8E2A587D3B0084D92F /* XCRemoteSwiftPackageReference "ProgressHUD" */ = {
			isa = XCRemoteSwiftPackageReference;
			repositoryURL = "https://github.com/relatedcode/ProgressHUD.git";
			requirement = {
				kind = upToNextMajorVersion;
				minimumVersion = 13.0.0;
			};
		};
		DD6AACA72A5D42980084D92F /* XCRemoteSwiftPackageReference "Kingfisher" */ = {
			isa = XCRemoteSwiftPackageReference;
			repositoryURL = "https://github.com/onevcat/Kingfisher.git";
			requirement = {
				kind = upToNextMajorVersion;
				minimumVersion = 7.0.0;
			};
		};
		DD6AACAA2A5D9B770084D92F /* XCRemoteSwiftPackageReference "SwiftKeychainWrapper" */ = {
			isa = XCRemoteSwiftPackageReference;
			repositoryURL = "https://github.com/jrendel/SwiftKeychainWrapper.git";
			requirement = {
				kind = upToNextMajorVersion;
				minimumVersion = 4.0.0;
			};
		};
/* End XCRemoteSwiftPackageReference section */

/* Begin XCSwiftPackageProductDependency section */
		DD6AAC8F2A587D3B0084D92F /* ProgressHUD */ = {
			isa = XCSwiftPackageProductDependency;
			package = DD6AAC8E2A587D3B0084D92F /* XCRemoteSwiftPackageReference "ProgressHUD" */;
			productName = ProgressHUD;
		};
		DD6AACA82A5D42980084D92F /* Kingfisher */ = {
			isa = XCSwiftPackageProductDependency;
			package = DD6AACA72A5D42980084D92F /* XCRemoteSwiftPackageReference "Kingfisher" */;
			productName = Kingfisher;
		};
		DD6AACAB2A5D9B770084D92F /* SwiftKeychainWrapper */ = {
			isa = XCSwiftPackageProductDependency;
			package = DD6AACAA2A5D9B770084D92F /* XCRemoteSwiftPackageReference "SwiftKeychainWrapper" */;
			productName = SwiftKeychainWrapper;
		};
/* End XCSwiftPackageProductDependency section */
	};
	rootObject = DD049C002A2138CD00F2A8D3 /* Project object */;
}
